
Microsoft Visual Studio Solution File, Format Version 12.00
# Visual Studio Version 17
VisualStudioVersion = 17.9.34902.65
MinimumVisualStudioVersion = 10.0.40219.1
Project("{888888A0-9F3D-457C-B088-3A5042F75D52}") = "bai1", "bai1.pyproj", "{F4F47D26-E84A-4DBC-B9E0-BE68D32F1BEE}"
EndProject
Global
	GlobalSection(SolutionConfigurationPlatforms) = preSolution
		Debug|Any CPU = Debug|Any CPU
		Release|Any CPU = Release|Any CPU
	EndGlobalSection
	GlobalSection(ProjectConfigurationPlatforms) = postSolution
		{F4F47D26-E84A-4DBC-B9E0-BE68D32F1BEE}.Debug|Any CPU.ActiveCfg = Debug|Any CPU
		{F4F47D26-E84A-4DBC-B9E0-BE68D32F1BEE}.Release|Any CPU.ActiveCfg = Release|Any CPU
	EndGlobalSection
	GlobalSection(SolutionProperties) = preSolution
		HideSolutionNode = FALSE
	EndGlobalSection
	GlobalSection(ExtensibilityGlobals) = postSolution
		SolutionGuid = {A2AC98D2-5E95-4596-93F8-00BB4BA5A02F}
	EndGlobalSection
EndGlobal
