
Microsoft Visual Studio Solution File, Format Version 12.00
# Visual Studio Version 17
VisualStudioVersion = 17.9.34902.65
MinimumVisualStudioVersion = 10.0.40219.1
Project("{888888A0-9F3D-457C-B088-3A5042F75D52}") = "bai2", "bai2.pyproj", "{CB262976-1C42-4AEC-A0B5-BC8A33C699D9}"
EndProject
Global
	GlobalSection(SolutionConfigurationPlatforms) = preSolution
		Debug|Any CPU = Debug|Any CPU
		Release|Any CPU = Release|Any CPU
	EndGlobalSection
	GlobalSection(ProjectConfigurationPlatforms) = postSolution
		{CB262976-1C42-4AEC-A0B5-BC8A33C699D9}.Debug|Any CPU.ActiveCfg = Debug|Any CPU
		{CB262976-1C42-4AEC-A0B5-BC8A33C699D9}.Release|Any CPU.ActiveCfg = Release|Any CPU
	EndGlobalSection
	GlobalSection(SolutionProperties) = preSolution
		HideSolutionNode = FALSE
	EndGlobalSection
	GlobalSection(ExtensibilityGlobals) = postSolution
		SolutionGuid = {48C51E2C-DA0E-49E0-AAE3-DBDB1DB35459}
	EndGlobalSection
EndGlobal
