
Microsoft Visual Studio Solution File, Format Version 12.00
# Visual Studio Version 17
VisualStudioVersion = 17.9.34902.65
MinimumVisualStudioVersion = 10.0.40219.1
Project("{888888A0-9F3D-457C-B088-3A5042F75D52}") = "bai4", "bai4.pyproj", "{C0B5AAF1-5D17-407E-B15F-612A4A1ACBCF}"
EndProject
Global
	GlobalSection(SolutionConfigurationPlatforms) = preSolution
		Debug|Any CPU = Debug|Any CPU
		Release|Any CPU = Release|Any CPU
	EndGlobalSection
	GlobalSection(ProjectConfigurationPlatforms) = postSolution
		{C0B5AAF1-5D17-407E-B15F-612A4A1ACBCF}.Debug|Any CPU.ActiveCfg = Debug|Any CPU
		{C0B5AAF1-5D17-407E-B15F-612A4A1ACBCF}.Release|Any CPU.ActiveCfg = Release|Any CPU
	EndGlobalSection
	GlobalSection(SolutionProperties) = preSolution
		HideSolutionNode = FALSE
	EndGlobalSection
	GlobalSection(ExtensibilityGlobals) = postSolution
		SolutionGuid = {223AF16D-0C1A-44DB-A87C-4A1D1F387601}
	EndGlobalSection
EndGlobal
