
Microsoft Visual Studio Solution File, Format Version 12.00
# Visual Studio Version 17
VisualStudioVersion = 17.9.34902.65
MinimumVisualStudioVersion = 10.0.40219.1
Project("{888888A0-9F3D-457C-B088-3A5042F75D52}") = "bai6", "bai6.pyproj", "{4A5B6F5F-B647-4CC5-B6D4-FE97916564A1}"
EndProject
Global
	GlobalSection(SolutionConfigurationPlatforms) = preSolution
		Debug|Any CPU = Debug|Any CPU
		Release|Any CPU = Release|Any CPU
	EndGlobalSection
	GlobalSection(ProjectConfigurationPlatforms) = postSolution
		{4A5B6F5F-B647-4CC5-B6D4-FE97916564A1}.Debug|Any CPU.ActiveCfg = Debug|Any CPU
		{4A5B6F5F-B647-4CC5-B6D4-FE97916564A1}.Release|Any CPU.ActiveCfg = Release|Any CPU
	EndGlobalSection
	GlobalSection(SolutionProperties) = preSolution
		HideSolutionNode = FALSE
	EndGlobalSection
	GlobalSection(ExtensibilityGlobals) = postSolution
		SolutionGuid = {895E821B-6EDE-45CF-B339-18FC89E4B5FA}
	EndGlobalSection
EndGlobal
