
Microsoft Visual Studio Solution File, Format Version 12.00
# Visual Studio Version 17
VisualStudioVersion = 17.9.34902.65
MinimumVisualStudioVersion = 10.0.40219.1
Project("{888888A0-9F3D-457C-B088-3A5042F75D52}") = "Bai 1", "Bai 1.pyproj", "{5C6E830A-B086-4D3C-B7E6-D8D248307C92}"
EndProject
Global
	GlobalSection(SolutionConfigurationPlatforms) = preSolution
		Debug|Any CPU = Debug|Any CPU
		Release|Any CPU = Release|Any CPU
	EndGlobalSection
	GlobalSection(ProjectConfigurationPlatforms) = postSolution
		{5C6E830A-B086-4D3C-B7E6-D8D248307C92}.Debug|Any CPU.ActiveCfg = Debug|Any CPU
		{5C6E830A-B086-4D3C-B7E6-D8D248307C92}.Release|Any CPU.ActiveCfg = Release|Any CPU
	EndGlobalSection
	GlobalSection(SolutionProperties) = preSolution
		HideSolutionNode = FALSE
	EndGlobalSection
	GlobalSection(ExtensibilityGlobals) = postSolution
		SolutionGuid = {21F027A8-0DBC-4235-805E-EBE32E4E9347}
	EndGlobalSection
EndGlobal
