
Microsoft Visual Studio Solution File, Format Version 12.00
# Visual Studio Version 17
VisualStudioVersion = 17.9.34902.65
MinimumVisualStudioVersion = 10.0.40219.1
Project("{888888A0-9F3D-457C-B088-3A5042F75D52}") = "bai3c", "bai3c.pyproj", "{0CD6A40A-C4D4-489D-A35F-8A50D34ADE25}"
EndProject
Global
	GlobalSection(SolutionConfigurationPlatforms) = preSolution
		Debug|Any CPU = Debug|Any CPU
		Release|Any CPU = Release|Any CPU
	EndGlobalSection
	GlobalSection(ProjectConfigurationPlatforms) = postSolution
		{0CD6A40A-C4D4-489D-A35F-8A50D34ADE25}.Debug|Any CPU.ActiveCfg = Debug|Any CPU
		{0CD6A40A-C4D4-489D-A35F-8A50D34ADE25}.Release|Any CPU.ActiveCfg = Release|Any CPU
	EndGlobalSection
	GlobalSection(SolutionProperties) = preSolution
		HideSolutionNode = FALSE
	EndGlobalSection
	GlobalSection(ExtensibilityGlobals) = postSolution
		SolutionGuid = {5405D049-50D7-4FCE-832F-2B6BFBB51DE8}
	EndGlobalSection
EndGlobal
