
Microsoft Visual Studio Solution File, Format Version 12.00
# Visual Studio Version 17
VisualStudioVersion = 17.9.34902.65
MinimumVisualStudioVersion = 10.0.40219.1
Project("{888888A0-9F3D-457C-B088-3A5042F75D52}") = "bai3", "bai3.pyproj", "{B5BD32AE-CFDE-4AD2-BEC8-364F38D8CCAC}"
EndProject
Global
	GlobalSection(SolutionConfigurationPlatforms) = preSolution
		Debug|Any CPU = Debug|Any CPU
		Release|Any CPU = Release|Any CPU
	EndGlobalSection
	GlobalSection(ProjectConfigurationPlatforms) = postSolution
		{B5BD32AE-CFDE-4AD2-BEC8-364F38D8CCAC}.Debug|Any CPU.ActiveCfg = Debug|Any CPU
		{B5BD32AE-CFDE-4AD2-BEC8-364F38D8CCAC}.Release|Any CPU.ActiveCfg = Release|Any CPU
	EndGlobalSection
	GlobalSection(SolutionProperties) = preSolution
		HideSolutionNode = FALSE
	EndGlobalSection
	GlobalSection(ExtensibilityGlobals) = postSolution
		SolutionGuid = {A45B0421-2AC6-4D11-87CF-CB28E67A4FA6}
	EndGlobalSection
EndGlobal
